<?xml version="1.0" encoding="utf-8"?>
<Project ToolsVersion="4.0" xmlns="http://schemas.microsoft.com/developer/msbuild/2003">
  <ItemGroup>
    <ClInclude Include="stdafx.h" />
    <ClInclude Include="targetver.h" />
    <ClInclude Include="Program\Window.h">
      <Filter>Program</Filter>
    </ClInclude>
    <ClInclude Include="_Libraries\DirectXTex\DirectXTex.h">
      <Filter>_Libraries\DirectXTex</Filter>
    </ClInclude>
    <ClInclude Include="_Libraries\DirectXTK\SimpleMath.h">
      <Filter>_Libraries\DirectXTK</Filter>
    </ClInclude>
    <ClInclude Include="Program\Graphics.h">
      <Filter>Program</Filter>
    </ClInclude>
    <ClInclude Include="Program\Program.h">
      <Filter>Program</Filter>
    </ClInclude>
    <ClInclude Include="Renders\IA\IndexBuffer.h">
      <Filter>Renders\IA</Filter>
    </ClInclude>
    <ClInclude Include="Renders\IA\InputLayout.h">
      <Filter>Renders\IA</Filter>
    </ClInclude>
    <ClInclude Include="Renders\IA\VertexBuffer.h">
      <Filter>Renders\IA</Filter>
    </ClInclude>
    <ClInclude Include="Renders\Shaders\IShader.h">
      <Filter>Renders\Shaders</Filter>
    </ClInclude>
    <ClInclude Include="Renders\Shaders\PixelShader.h">
      <Filter>Renders\Shaders</Filter>
    </ClInclude>
    <ClInclude Include="Renders\Shaders\VertexShader.h">
      <Filter>Renders\Shaders</Filter>
    </ClInclude>
    <ClInclude Include="Renders\Resources\VertexType.h">
      <Filter>Renders\Resources</Filter>
    </ClInclude>
  </ItemGroup>
  <ItemGroup>
    <ClCompile Include="stdafx.cpp" />
    <ClCompile Include="Main.cpp" />
    <ClCompile Include="Program\Window.cpp">
      <Filter>Program</Filter>
    </ClCompile>
    <ClCompile Include="Program\Graphics.cpp">
      <Filter>Program</Filter>
    </ClCompile>
    <ClCompile Include="Program\Program.cpp">
      <Filter>Program</Filter>
    </ClCompile>
    <ClCompile Include="Renders\IA\IndexBuffer.cpp">
      <Filter>Renders\IA</Filter>
    </ClCompile>
    <ClCompile Include="Renders\IA\InputLayout.cpp">
      <Filter>Renders\IA</Filter>
    </ClCompile>
    <ClCompile Include="Renders\IA\VertexBuffer.cpp">
      <Filter>Renders\IA</Filter>
    </ClCompile>
    <ClCompile Include="Renders\Shaders\IShader.cpp">
      <Filter>Renders\Shaders</Filter>
    </ClCompile>
    <ClCompile Include="Renders\Shaders\PixelShader.cpp">
      <Filter>Renders\Shaders</Filter>
    </ClCompile>
    <ClCompile Include="Renders\Shaders\VertexShader.cpp">
      <Filter>Renders\Shaders</Filter>
    </ClCompile>
    <ClCompile Include="Renders\Resources\VertexType.cpp">
      <Filter>Renders\Resources</Filter>
    </ClCompile>
  </ItemGroup>
  <ItemGroup>
    <Filter Include="Program">
      <UniqueIdentifier>{9be9c610-abec-42b9-8e10-f93decd2664a}</UniqueIdentifier>
    </Filter>
    <Filter Include="_Libraries">
      <UniqueIdentifier>{30d22421-923c-46af-80bb-ba353d8db045}</UniqueIdentifier>
    </Filter>
    <Filter Include="_Libraries\DirectXTex">
      <UniqueIdentifier>{4863838a-b1a1-4cd4-8c51-438c55f55682}</UniqueIdentifier>
    </Filter>
    <Filter Include="_Libraries\DirectXTK">
      <UniqueIdentifier>{d97328ae-89db-497d-a59c-313de7a34e53}</UniqueIdentifier>
    </Filter>
    <Filter Include="Renders">
      <UniqueIdentifier>{87aa5fd1-1a89-4521-b6b5-a42982fbfb40}</UniqueIdentifier>
    </Filter>
    <Filter Include="Renders\IA">
      <UniqueIdentifier>{8a76dbc8-1b50-449d-ad45-4fbf9caf8e76}</UniqueIdentifier>
    </Filter>
    <Filter Include="Renders\Resources">
      <UniqueIdentifier>{6f72f4c0-f024-4517-9a19-3e477c570437}</UniqueIdentifier>
    </Filter>
    <Filter Include="Renders\Shaders">
      <UniqueIdentifier>{d080e198-f12f-42ca-8bfa-89ea9605461b}</UniqueIdentifier>
    </Filter>
    <Filter Include="Objects">
      <UniqueIdentifier>{4cc8faf5-be9f-4079-97e6-59f62136d3e3}</UniqueIdentifier>
    </Filter>
    <Filter Include="Objects\Basics">
      <UniqueIdentifier>{34ae7ffc-7d43-4efc-b6c6-1c439926bf19}</UniqueIdentifier>
    </Filter>
    <Filter Include="_ShaderFiles">
      <UniqueIdentifier>{e12c0d25-09dd-4b29-8ffd-b73b0931fba4}</UniqueIdentifier>
    </Filter>
  </ItemGroup>
  <ItemGroup>
    <None Include="_Libraries\DirectXTex\DirectXTex.inl">
      <Filter>_Libraries\DirectXTex</Filter>
    </None>
    <None Include="_Libraries\DirectXTK\SimpleMath.inl">
      <Filter>_Libraries\DirectXTK</Filter>
    </None>
  </ItemGroup>
  <ItemGroup>
    <FxCompile Include="_ShaderFiles\VertexColor.hlsl">
      <Filter>_ShaderFiles</Filter>
    </FxCompile>
  </ItemGroup>
</Project>